packages:
- package: dbt-labs/dbt_utils
  version: 1.1.1
- package: calogica/dbt_expectations
  version: 0.10.1
- package: dbt-labs/codegen
  version: 0.12.1
- git: https://github.com/Datavault-UK/automate-dv.git
  revision: 24bd9cb65b529f819992e978fdca097c99330be4
- package: dbt-labs/audit_helper
  version: 0.9.0
- package: calogica/dbt_date
  version: 0.10.1
sha1_hash: 6d7ed1333d56d3493310da220bac9cac4ad5f599
